
Microsoft Visual Studio Solution File, Format Version 12.00
# Visual Studio 15
VisualStudioVersion = 15.0.26124.0
MinimumVisualStudioVersion = 15.0.26124.0
Project("{FAE04EC0-301F-11D3-BF4B-00C04F79EFBC}") = "Northwind.Backoffice.Web", "Northwind.Backoffice.Web\Northwind.Backoffice.Web.csproj", "{BF380E58-D492-4F66-AF46-7E50A1E3B654}"
EndProject
Project("{FAE04EC0-301F-11D3-BF4B-00C04F79EFBC}") = "Northwind.Backoffice.Core", "Northwind.Backoffice.Core\Northwind.Backoffice.Core.csproj", "{C44F2902-E160-4363-997F-147AC0521522}"
EndProject
Project("{FAE04EC0-301F-11D3-BF4B-00C04F79EFBC}") = "Northwind.Backoffice.Infrastructure", "Northwind.Backoffice.Infrastructure\Northwind.Backoffice.Infrastructure.csproj", "{730096FD-4069-436F-B968-1571A5777076}"
EndProject
Project("{FAE04EC0-301F-11D3-BF4B-00C04F79EFBC}") = "Northwind.Backoffice.Core.Tests", "Northwind.Backoffice.Core.Tests\Northwind.Backoffice.Core.Tests.csproj", "{2B7D2D6A-82C0-4E5E-88F2-18691F16165B}"
EndProject
Global
	GlobalSection(SolutionConfigurationPlatforms) = preSolution
		Debug|Any CPU = Debug|Any CPU
		Debug|x64 = Debug|x64
		Debug|x86 = Debug|x86
		Release|Any CPU = Release|Any CPU
		Release|x64 = Release|x64
		Release|x86 = Release|x86
	EndGlobalSection
	GlobalSection(SolutionProperties) = preSolution
		HideSolutionNode = FALSE
	EndGlobalSection
	GlobalSection(ProjectConfigurationPlatforms) = postSolution
		{BF380E58-D492-4F66-AF46-7E50A1E3B654}.Debug|Any CPU.ActiveCfg = Debug|Any CPU
		{BF380E58-D492-4F66-AF46-7E50A1E3B654}.Debug|Any CPU.Build.0 = Debug|Any CPU
		{BF380E58-D492-4F66-AF46-7E50A1E3B654}.Debug|x64.ActiveCfg = Debug|Any CPU
		{BF380E58-D492-4F66-AF46-7E50A1E3B654}.Debug|x64.Build.0 = Debug|Any CPU
		{BF380E58-D492-4F66-AF46-7E50A1E3B654}.Debug|x86.ActiveCfg = Debug|Any CPU
		{BF380E58-D492-4F66-AF46-7E50A1E3B654}.Debug|x86.Build.0 = Debug|Any CPU
		{BF380E58-D492-4F66-AF46-7E50A1E3B654}.Release|Any CPU.ActiveCfg = Release|Any CPU
		{BF380E58-D492-4F66-AF46-7E50A1E3B654}.Release|Any CPU.Build.0 = Release|Any CPU
		{BF380E58-D492-4F66-AF46-7E50A1E3B654}.Release|x64.ActiveCfg = Release|Any CPU
		{BF380E58-D492-4F66-AF46-7E50A1E3B654}.Release|x64.Build.0 = Release|Any CPU
		{BF380E58-D492-4F66-AF46-7E50A1E3B654}.Release|x86.ActiveCfg = Release|Any CPU
		{BF380E58-D492-4F66-AF46-7E50A1E3B654}.Release|x86.Build.0 = Release|Any CPU
		{C44F2902-E160-4363-997F-147AC0521522}.Debug|Any CPU.ActiveCfg = Debug|Any CPU
		{C44F2902-E160-4363-997F-147AC0521522}.Debug|Any CPU.Build.0 = Debug|Any CPU
		{C44F2902-E160-4363-997F-147AC0521522}.Debug|x64.ActiveCfg = Debug|Any CPU
		{C44F2902-E160-4363-997F-147AC0521522}.Debug|x64.Build.0 = Debug|Any CPU
		{C44F2902-E160-4363-997F-147AC0521522}.Debug|x86.ActiveCfg = Debug|Any CPU
		{C44F2902-E160-4363-997F-147AC0521522}.Debug|x86.Build.0 = Debug|Any CPU
		{C44F2902-E160-4363-997F-147AC0521522}.Release|Any CPU.ActiveCfg = Release|Any CPU
		{C44F2902-E160-4363-997F-147AC0521522}.Release|Any CPU.Build.0 = Release|Any CPU
		{C44F2902-E160-4363-997F-147AC0521522}.Release|x64.ActiveCfg = Release|Any CPU
		{C44F2902-E160-4363-997F-147AC0521522}.Release|x64.Build.0 = Release|Any CPU
		{C44F2902-E160-4363-997F-147AC0521522}.Release|x86.ActiveCfg = Release|Any CPU
		{C44F2902-E160-4363-997F-147AC0521522}.Release|x86.Build.0 = Release|Any CPU
		{730096FD-4069-436F-B968-1571A5777076}.Debug|Any CPU.ActiveCfg = Debug|Any CPU
		{730096FD-4069-436F-B968-1571A5777076}.Debug|Any CPU.Build.0 = Debug|Any CPU
		{730096FD-4069-436F-B968-1571A5777076}.Debug|x64.ActiveCfg = Debug|Any CPU
		{730096FD-4069-436F-B968-1571A5777076}.Debug|x64.Build.0 = Debug|Any CPU
		{730096FD-4069-436F-B968-1571A5777076}.Debug|x86.ActiveCfg = Debug|Any CPU
		{730096FD-4069-436F-B968-1571A5777076}.Debug|x86.Build.0 = Debug|Any CPU
		{730096FD-4069-436F-B968-1571A5777076}.Release|Any CPU.ActiveCfg = Release|Any CPU
		{730096FD-4069-436F-B968-1571A5777076}.Release|Any CPU.Build.0 = Release|Any CPU
		{730096FD-4069-436F-B968-1571A5777076}.Release|x64.ActiveCfg = Release|Any CPU
		{730096FD-4069-436F-B968-1571A5777076}.Release|x64.Build.0 = Release|Any CPU
		{730096FD-4069-436F-B968-1571A5777076}.Release|x86.ActiveCfg = Release|Any CPU
		{730096FD-4069-436F-B968-1571A5777076}.Release|x86.Build.0 = Release|Any CPU
		{2B7D2D6A-82C0-4E5E-88F2-18691F16165B}.Debug|Any CPU.ActiveCfg = Debug|Any CPU
		{2B7D2D6A-82C0-4E5E-88F2-18691F16165B}.Debug|Any CPU.Build.0 = Debug|Any CPU
		{2B7D2D6A-82C0-4E5E-88F2-18691F16165B}.Debug|x64.ActiveCfg = Debug|Any CPU
		{2B7D2D6A-82C0-4E5E-88F2-18691F16165B}.Debug|x64.Build.0 = Debug|Any CPU
		{2B7D2D6A-82C0-4E5E-88F2-18691F16165B}.Debug|x86.ActiveCfg = Debug|Any CPU
		{2B7D2D6A-82C0-4E5E-88F2-18691F16165B}.Debug|x86.Build.0 = Debug|Any CPU
		{2B7D2D6A-82C0-4E5E-88F2-18691F16165B}.Release|Any CPU.ActiveCfg = Release|Any CPU
		{2B7D2D6A-82C0-4E5E-88F2-18691F16165B}.Release|Any CPU.Build.0 = Release|Any CPU
		{2B7D2D6A-82C0-4E5E-88F2-18691F16165B}.Release|x64.ActiveCfg = Release|Any CPU
		{2B7D2D6A-82C0-4E5E-88F2-18691F16165B}.Release|x64.Build.0 = Release|Any CPU
		{2B7D2D6A-82C0-4E5E-88F2-18691F16165B}.Release|x86.ActiveCfg = Release|Any CPU
		{2B7D2D6A-82C0-4E5E-88F2-18691F16165B}.Release|x86.Build.0 = Release|Any CPU
	EndGlobalSection
EndGlobal
